
Microsoft Visual Studio Solution File, Format Version 12.00
# Visual Studio Version 17
VisualStudioVersion = 17.0.31903.59
MinimumVisualStudioVersion = 10.0.40219.1
Project("{9A19103F-16F7-4668-BE54-9A1E7A4F7556}") = "R-Exam.Infrastructure", "R-Exam.Infrastructre\R-Exam.Infrastructure.csproj", "{D2651DB4-B248-4117-897B-6818AE03C4FA}"
EndProject
Project("{9A19103F-16F7-4668-BE54-9A1E7A4F7556}") = "R-Exam.Application", "R-Exam.Application\R-Exam.Application.csproj", "{92778856-CFED-4C28-A40B-01435782F9FC}"
EndProject
Project("{9A19103F-16F7-4668-BE54-9A1E7A4F7556}") = "R-Exam.Domain", "R-Exam.Domain\R-Exam.Domain.csproj", "{7499468C-EF94-4DC4-849A-037FB93E3D19}"
EndProject
Project("{9A19103F-16F7-4668-BE54-9A1E7A4F7556}") = "R-Exam.Presentation", "R-Exam.Presentation\R-Exam.Presentation.csproj", "{957272C6-D9AE-4BB2-AC9B-34BB861F5B07}"
EndProject
Project("{9A19103F-16F7-4668-BE54-9A1E7A4F7556}") = "R-Exam.DependencyInjection", "R-Exam.DependencyInjection\R-Exam.DependencyInjection.csproj", "{AB2872E8-DB00-4586-9DBB-C206E4A4581E}"
EndProject
Project("{FAE04EC0-301F-11D3-BF4B-00C04F79EFBC}") = "R-Exam.Tests", "R-Exam.Tests\R-Exam.Tests.csproj", "{EA7F5AFD-1807-4256-BDE0-BE30E3FCD518}"
EndProject
Global
	GlobalSection(SolutionConfigurationPlatforms) = preSolution
		Debug|Any CPU = Debug|Any CPU
		Debug|x64 = Debug|x64
		Debug|x86 = Debug|x86
		Release|Any CPU = Release|Any CPU
		Release|x64 = Release|x64
		Release|x86 = Release|x86
	EndGlobalSection
	GlobalSection(ProjectConfigurationPlatforms) = postSolution
		{D2651DB4-B248-4117-897B-6818AE03C4FA}.Debug|Any CPU.ActiveCfg = Debug|Any CPU
		{D2651DB4-B248-4117-897B-6818AE03C4FA}.Debug|Any CPU.Build.0 = Debug|Any CPU
		{D2651DB4-B248-4117-897B-6818AE03C4FA}.Debug|x64.ActiveCfg = Debug|Any CPU
		{D2651DB4-B248-4117-897B-6818AE03C4FA}.Debug|x64.Build.0 = Debug|Any CPU
		{D2651DB4-B248-4117-897B-6818AE03C4FA}.Debug|x86.ActiveCfg = Debug|Any CPU
		{D2651DB4-B248-4117-897B-6818AE03C4FA}.Debug|x86.Build.0 = Debug|Any CPU
		{D2651DB4-B248-4117-897B-6818AE03C4FA}.Release|Any CPU.ActiveCfg = Release|Any CPU
		{D2651DB4-B248-4117-897B-6818AE03C4FA}.Release|Any CPU.Build.0 = Release|Any CPU
		{D2651DB4-B248-4117-897B-6818AE03C4FA}.Release|x64.ActiveCfg = Release|Any CPU
		{D2651DB4-B248-4117-897B-6818AE03C4FA}.Release|x64.Build.0 = Release|Any CPU
		{D2651DB4-B248-4117-897B-6818AE03C4FA}.Release|x86.ActiveCfg = Release|Any CPU
		{D2651DB4-B248-4117-897B-6818AE03C4FA}.Release|x86.Build.0 = Release|Any CPU
		{92778856-CFED-4C28-A40B-01435782F9FC}.Debug|Any CPU.ActiveCfg = Debug|Any CPU
		{92778856-CFED-4C28-A40B-01435782F9FC}.Debug|Any CPU.Build.0 = Debug|Any CPU
		{92778856-CFED-4C28-A40B-01435782F9FC}.Debug|x64.ActiveCfg = Debug|Any CPU
		{92778856-CFED-4C28-A40B-01435782F9FC}.Debug|x64.Build.0 = Debug|Any CPU
		{92778856-CFED-4C28-A40B-01435782F9FC}.Debug|x86.ActiveCfg = Debug|Any CPU
		{92778856-CFED-4C28-A40B-01435782F9FC}.Debug|x86.Build.0 = Debug|Any CPU
		{92778856-CFED-4C28-A40B-01435782F9FC}.Release|Any CPU.ActiveCfg = Release|Any CPU
		{92778856-CFED-4C28-A40B-01435782F9FC}.Release|Any CPU.Build.0 = Release|Any CPU
		{92778856-CFED-4C28-A40B-01435782F9FC}.Release|x64.ActiveCfg = Release|Any CPU
		{92778856-CFED-4C28-A40B-01435782F9FC}.Release|x64.Build.0 = Release|Any CPU
		{92778856-CFED-4C28-A40B-01435782F9FC}.Release|x86.ActiveCfg = Release|Any CPU
		{92778856-CFED-4C28-A40B-01435782F9FC}.Release|x86.Build.0 = Release|Any CPU
		{7499468C-EF94-4DC4-849A-037FB93E3D19}.Debug|Any CPU.ActiveCfg = Debug|Any CPU
		{7499468C-EF94-4DC4-849A-037FB93E3D19}.Debug|Any CPU.Build.0 = Debug|Any CPU
		{7499468C-EF94-4DC4-849A-037FB93E3D19}.Debug|x64.ActiveCfg = Debug|Any CPU
		{7499468C-EF94-4DC4-849A-037FB93E3D19}.Debug|x64.Build.0 = Debug|Any CPU
		{7499468C-EF94-4DC4-849A-037FB93E3D19}.Debug|x86.ActiveCfg = Debug|Any CPU
		{7499468C-EF94-4DC4-849A-037FB93E3D19}.Debug|x86.Build.0 = Debug|Any CPU
		{7499468C-EF94-4DC4-849A-037FB93E3D19}.Release|Any CPU.ActiveCfg = Release|Any CPU
		{7499468C-EF94-4DC4-849A-037FB93E3D19}.Release|Any CPU.Build.0 = Release|Any CPU
		{7499468C-EF94-4DC4-849A-037FB93E3D19}.Release|x64.ActiveCfg = Release|Any CPU
		{7499468C-EF94-4DC4-849A-037FB93E3D19}.Release|x64.Build.0 = Release|Any CPU
		{7499468C-EF94-4DC4-849A-037FB93E3D19}.Release|x86.ActiveCfg = Release|Any CPU
		{7499468C-EF94-4DC4-849A-037FB93E3D19}.Release|x86.Build.0 = Release|Any CPU
		{957272C6-D9AE-4BB2-AC9B-34BB861F5B07}.Debug|Any CPU.ActiveCfg = Debug|Any CPU
		{957272C6-D9AE-4BB2-AC9B-34BB861F5B07}.Debug|Any CPU.Build.0 = Debug|Any CPU
		{957272C6-D9AE-4BB2-AC9B-34BB861F5B07}.Debug|x64.ActiveCfg = Debug|Any CPU
		{957272C6-D9AE-4BB2-AC9B-34BB861F5B07}.Debug|x64.Build.0 = Debug|Any CPU
		{957272C6-D9AE-4BB2-AC9B-34BB861F5B07}.Debug|x86.ActiveCfg = Debug|Any CPU
		{957272C6-D9AE-4BB2-AC9B-34BB861F5B07}.Debug|x86.Build.0 = Debug|Any CPU
		{957272C6-D9AE-4BB2-AC9B-34BB861F5B07}.Release|Any CPU.ActiveCfg = Release|Any CPU
		{957272C6-D9AE-4BB2-AC9B-34BB861F5B07}.Release|Any CPU.Build.0 = Release|Any CPU
		{957272C6-D9AE-4BB2-AC9B-34BB861F5B07}.Release|x64.ActiveCfg = Release|Any CPU
		{957272C6-D9AE-4BB2-AC9B-34BB861F5B07}.Release|x64.Build.0 = Release|Any CPU
		{957272C6-D9AE-4BB2-AC9B-34BB861F5B07}.Release|x86.ActiveCfg = Release|Any CPU
		{957272C6-D9AE-4BB2-AC9B-34BB861F5B07}.Release|x86.Build.0 = Release|Any CPU
		{AB2872E8-DB00-4586-9DBB-C206E4A4581E}.Debug|Any CPU.ActiveCfg = Debug|Any CPU
		{AB2872E8-DB00-4586-9DBB-C206E4A4581E}.Debug|Any CPU.Build.0 = Debug|Any CPU
		{AB2872E8-DB00-4586-9DBB-C206E4A4581E}.Debug|x64.ActiveCfg = Debug|Any CPU
		{AB2872E8-DB00-4586-9DBB-C206E4A4581E}.Debug|x64.Build.0 = Debug|Any CPU
		{AB2872E8-DB00-4586-9DBB-C206E4A4581E}.Debug|x86.ActiveCfg = Debug|Any CPU
		{AB2872E8-DB00-4586-9DBB-C206E4A4581E}.Debug|x86.Build.0 = Debug|Any CPU
		{AB2872E8-DB00-4586-9DBB-C206E4A4581E}.Release|Any CPU.ActiveCfg = Release|Any CPU
		{AB2872E8-DB00-4586-9DBB-C206E4A4581E}.Release|Any CPU.Build.0 = Release|Any CPU
		{AB2872E8-DB00-4586-9DBB-C206E4A4581E}.Release|x64.ActiveCfg = Release|Any CPU
		{AB2872E8-DB00-4586-9DBB-C206E4A4581E}.Release|x64.Build.0 = Release|Any CPU
		{AB2872E8-DB00-4586-9DBB-C206E4A4581E}.Release|x86.ActiveCfg = Release|Any CPU
		{AB2872E8-DB00-4586-9DBB-C206E4A4581E}.Release|x86.Build.0 = Release|Any CPU
		{EA7F5AFD-1807-4256-BDE0-BE30E3FCD518}.Debug|Any CPU.ActiveCfg = Debug|Any CPU
		{EA7F5AFD-1807-4256-BDE0-BE30E3FCD518}.Debug|Any CPU.Build.0 = Debug|Any CPU
		{EA7F5AFD-1807-4256-BDE0-BE30E3FCD518}.Debug|x64.ActiveCfg = Debug|Any CPU
		{EA7F5AFD-1807-4256-BDE0-BE30E3FCD518}.Debug|x64.Build.0 = Debug|Any CPU
		{EA7F5AFD-1807-4256-BDE0-BE30E3FCD518}.Debug|x86.ActiveCfg = Debug|Any CPU
		{EA7F5AFD-1807-4256-BDE0-BE30E3FCD518}.Debug|x86.Build.0 = Debug|Any CPU
		{EA7F5AFD-1807-4256-BDE0-BE30E3FCD518}.Release|Any CPU.ActiveCfg = Release|Any CPU
		{EA7F5AFD-1807-4256-BDE0-BE30E3FCD518}.Release|Any CPU.Build.0 = Release|Any CPU
		{EA7F5AFD-1807-4256-BDE0-BE30E3FCD518}.Release|x64.ActiveCfg = Release|Any CPU
		{EA7F5AFD-1807-4256-BDE0-BE30E3FCD518}.Release|x64.Build.0 = Release|Any CPU
		{EA7F5AFD-1807-4256-BDE0-BE30E3FCD518}.Release|x86.ActiveCfg = Release|Any CPU
		{EA7F5AFD-1807-4256-BDE0-BE30E3FCD518}.Release|x86.Build.0 = Release|Any CPU
	EndGlobalSection
	GlobalSection(SolutionProperties) = preSolution
		HideSolutionNode = FALSE
	EndGlobalSection
	GlobalSection(ExtensibilityGlobals) = postSolution
		SolutionGuid = {D48FD5CA-5B43-44F5-858D-FB62191C8218}
	EndGlobalSection
EndGlobal
